// !$*UTF8*$!
{
	archiveVersion = 1;
	classes = {
	};
	objectVersion = 46;
	objects = {

/* Begin PBXBuildFile section */
		AD938E401AE86EC80017E034 /* AppDelegate.swift in Sources */ = {isa = PBXBuildFile; fileRef = AD938E3F1AE86EC80017E034 /* AppDelegate.swift */; };
		AD938E421AE86EC80017E034 /* ViewController.swift in Sources */ = {isa = PBXBuildFile; fileRef = AD938E411AE86EC80017E034 /* ViewController.swift */; };
		AD938E451AE86EC80017E034 /* Main.storyboard in Resources */ = {isa = PBXBuildFile; fileRef = AD938E431AE86EC80017E034 /* Main.storyboard */; };
		AD938E471AE86EC80017E034 /* Images.xcassets in Resources */ = {isa = PBXBuildFile; fileRef = AD938E461AE86EC80017E034 /* Images.xcassets */; };
		AD938E4A1AE86EC80017E034 /* LaunchScreen.xib in Resources */ = {isa = PBXBuildFile; fileRef = AD938E481AE86EC80017E034 /* LaunchScreen.xib */; };
		AD938E561AE86EC80017E034 /* Explore_SMUTests.swift in Sources */ = {isa = PBXBuildFile; fileRef = AD938E551AE86EC80017E034 /* Explore_SMUTests.swift */; };
/* End PBXBuildFile section */

/* Begin PBXContainerItemProxy section */
		AD938E501AE86EC80017E034 /* PBXContainerItemProxy */ = {
			isa = PBXContainerItemProxy;
			containerPortal = AD938E321AE86EC80017E034 /* Project object */;
			proxyType = 1;
			remoteGlobalIDString = AD938E391AE86EC80017E034;
			remoteInfo = "Explore@SMU";
		};
/* End PBXContainerItemProxy section */

/* Begin PBXFileReference section */
		AD938E3A1AE86EC80017E034 /* Explore@SMU.app */ = {isa = PBXFileReference; explicitFileType = wrapper.application; includeInIndex = 0; path = "Explore@SMU.app"; sourceTree = BUILT_PRODUCTS_DIR; };
		AD938E3E1AE86EC80017E034 /* Info.plist */ = {isa = PBXFileReference; lastKnownFileType = text.plist.xml; path = Info.plist; sourceTree = "<group>"; };
		AD938E3F1AE86EC80017E034 /* AppDelegate.swift */ = {isa = PBXFileReference; lastKnownFileType = sourcecode.swift; path = AppDelegate.swift; sourceTree = "<group>"; };
		AD938E411AE86EC80017E034 /* ViewController.swift */ = {isa = PBXFileReference; lastKnownFileType = sourcecode.swift; path = ViewController.swift; sourceTree = "<group>"; };
		AD938E441AE86EC80017E034 /* Base */ = {isa = PBXFileReference; lastKnownFileType = file.storyboard; name = Base; path = Base.lproj/Main.storyboard; sourceTree = "<group>"; };
		AD938E461AE86EC80017E034 /* Images.xcassets */ = {isa = PBXFileReference; lastKnownFileType = folder.assetcatalog; path = Images.xcassets; sourceTree = "<group>"; };
		AD938E491AE86EC80017E034 /* Base */ = {isa = PBXFileReference; lastKnownFileType = file.xib; name = Base; path = Base.lproj/LaunchScreen.xib; sourceTree = "<group>"; };
		AD938E4F1AE86EC80017E034 /* Explore@SMUTests.xctest */ = {isa = PBXFileReference; explicitFileType = wrapper.cfbundle; includeInIndex = 0; path = "Explore@SMUTests.xctest"; sourceTree = BUILT_PRODUCTS_DIR; };
		AD938E541AE86EC80017E034 /* Info.plist */ = {isa = PBXFileReference; lastKnownFileType = text.plist.xml; path = Info.plist; sourceTree = "<group>"; };
		AD938E551AE86EC80017E034 /* Explore_SMUTests.swift */ = {isa = PBXFileReference; lastKnownFileType = sourcecode.swift; path = Explore_SMUTests.swift; sourceTree = "<group>"; };
/* End PBXFileReference section */

/* Begin PBXFrameworksBuildPhase section */
		AD938E371AE86EC80017E034 /* Frameworks */ = {
			isa = PBXFrameworksBuildPhase;
			buildActionMask = 2147483647;
			files = (
			);
			runOnlyForDeploymentPostprocessing = 0;
		};
		AD938E4C1AE86EC80017E034 /* Frameworks */ = {
			isa = PBXFrameworksBuildPhase;
			buildActionMask = 2147483647;
			files = (
			);
			runOnlyForDeploymentPostprocessing = 0;
		};
/* End PBXFrameworksBuildPhase section */

/* Begin PBXGroup section */
		AD938E311AE86EC80017E034 = {
			isa = PBXGroup;
			children = (
				AD938E3C1AE86EC80017E034 /* Explore@SMU */,
				AD938E521AE86EC80017E034 /* Explore@SMUTests */,
				AD938E3B1AE86EC80017E034 /* Products */,
			);
			sourceTree = "<group>";
		};
		AD938E3B1AE86EC80017E034 /* Products */ = {
			isa = PBXGroup;
			children = (
				AD938E3A1AE86EC80017E034 /* Explore@SMU.app */,
				AD938E4F1AE86EC80017E034 /* Explore@SMUTests.xctest */,
			);
			name = Products;
			sourceTree = "<group>";
		};
		AD938E3C1AE86EC80017E034 /* Explore@SMU */ = {
			isa = PBXGroup;
			children = (
				AD938E3F1AE86EC80017E034 /* AppDelegate.swift */,
				AD938E411AE86EC80017E034 /* ViewController.swift */,
				AD938E431AE86EC80017E034 /* Main.storyboard */,
				AD938E461AE86EC80017E034 /* Images.xcassets */,
				AD938E481AE86EC80017E034 /* LaunchScreen.xib */,
				AD938E3D1AE86EC80017E034 /* Supporting Files */,
			);
			path = "Explore@SMU";
			sourceTree = "<group>";
		};
		AD938E3D1AE86EC80017E034 /* Supporting Files */ = {
			isa = PBXGroup;
			children = (
				AD938E3E1AE86EC80017E034 /* Info.plist */,
			);
			name = "Supporting Files";
			sourceTree = "<group>";
		};
		AD938E521AE86EC80017E034 /* Explore@SMUTests */ = {
			isa = PBXGroup;
			children = (
				AD938E551AE86EC80017E034 /* Explore_SMUTests.swift */,
				AD938E531AE86EC80017E034 /* Supporting Files */,
			);
			path = "Explore@SMUTests";
			sourceTree = "<group>";
		};
		AD938E531AE86EC80017E034 /* Supporting Files */ = {
			isa = PBXGroup;
			children = (
				AD938E541AE86EC80017E034 /* Info.plist */,
			);
			name = "Supporting Files";
			sourceTree = "<group>";
		};
/* End PBXGroup section */

/* Begin PBXNativeTarget section */
		AD938E391AE86EC80017E034 /* Explore@SMU */ = {
			isa = PBXNativeTarget;
			buildConfigurationList = AD938E591AE86EC80017E034 /* Build configuration list for PBXNativeTarget "Explore@SMU" */;
			buildPhases = (
				AD938E361AE86EC80017E034 /* Sources */,
				AD938E371AE86EC80017E034 /* Frameworks */,
				AD938E381AE86EC80017E034 /* Resources */,
			);
			buildRules = (
			);
			dependencies = (
			);
			name = "Explore@SMU";
			productName = "Explore@SMU";
			productReference = AD938E3A1AE86EC80017E034 /* Explore@SMU.app */;
			productType = "com.apple.product-type.application";
		};
		AD938E4E1AE86EC80017E034 /* Explore@SMUTests */ = {
			isa = PBXNativeTarget;
			buildConfigurationList = AD938E5C1AE86EC80017E034 /* Build configuration list for PBXNativeTarget "Explore@SMUTests" */;
			buildPhases = (
				AD938E4B1AE86EC80017E034 /* Sources */,
				AD938E4C1AE86EC80017E034 /* Frameworks */,
				AD938E4D1AE86EC80017E034 /* Resources */,
			);
			buildRules = (
			);
			dependencies = (
				AD938E511AE86EC80017E034 /* PBXTargetDependency */,
			);
			name = "Explore@SMUTests";
			productName = "Explore@SMUTests";
			productReference = AD938E4F1AE86EC80017E034 /* Explore@SMUTests.xctest */;
			productType = "com.apple.product-type.bundle.unit-test";
		};
/* End PBXNativeTarget section */

/* Begin PBXProject section */
		AD938E321AE86EC80017E034 /* Project object */ = {
			isa = PBXProject;
			attributes = {
				LastUpgradeCheck = 0630;
				ORGANIZATIONNAME = "Team B.E.N.";
				TargetAttributes = {
					AD938E391AE86EC80017E034 = {
						CreatedOnToolsVersion = 6.3;
					};
					AD938E4E1AE86EC80017E034 = {
						CreatedOnToolsVersion = 6.3;
						TestTargetID = AD938E391AE86EC80017E034;
					};
				};
			};
			buildConfigurationList = AD938E351AE86EC80017E034 /* Build configuration list for PBXProject "Explore@SMU" */;
			compatibilityVersion = "Xcode 3.2";
			developmentRegion = English;
			hasScannedForEncodings = 0;
			knownRegions = (
				en,
				Base,
			);
			mainGroup = AD938E311AE86EC80017E034;
			productRefGroup = AD938E3B1AE86EC80017E034 /* Products */;
			projectDirPath = "";
			projectRoot = "";
			targets = (
				AD938E391AE86EC80017E034 /* Explore@SMU */,
				AD938E4E1AE86EC80017E034 /* Explore@SMUTests */,
			);
		};
/* End PBXProject section */

/* Begin PBXResourcesBuildPhase section */
		AD938E381AE86EC80017E034 /* Resources */ = {
			isa = PBXResourcesBuildPhase;
			buildActionMask = 2147483647;
			files = (
				AD938E451AE86EC80017E034 /* Main.storyboard in Resources */,
				AD938E4A1AE86EC80017E034 /* LaunchScreen.xib in Resources */,
				AD938E471AE86EC80017E034 /* Images.xcassets in Resources */,
			);
			runOnlyForDeploymentPostprocessing = 0;
		};
		AD938E4D1AE86EC80017E034 /* Resources */ = {
			isa = PBXResourcesBuildPhase;
			buildActionMask = 2147483647;
			files = (
			);
			runOnlyForDeploymentPostprocessing = 0;
		};
/* End PBXResourcesBuildPhase section */

/* Begin PBXSourcesBuildPhase section */
		AD938E361AE86EC80017E034 /* Sources */ = {
			isa = PBXSourcesBuildPhase;
			buildActionMask = 2147483647;
			files = (
				AD938E421AE86EC80017E034 /* ViewController.swift in Sources */,
				AD938E401AE86EC80017E034 /* AppDelegate.swift in Sources */,
			);
			runOnlyForDeploymentPostprocessing = 0;
		};
		AD938E4B1AE86EC80017E034 /* Sources */ = {
			isa = PBXSourcesBuildPhase;
			buildActionMask = 2147483647;
			files = (
				AD938E561AE86EC80017E034 /* Explore_SMUTests.swift in Sources */,
			);
			runOnlyForDeploymentPostprocessing = 0;
		};
/* End PBXSourcesBuildPhase section */

/* Begin PBXTargetDependency section */
		AD938E511AE86EC80017E034 /* PBXTargetDependency */ = {
			isa = PBXTargetDependency;
			target = AD938E391AE86EC80017E034 /* Explore@SMU */;
			targetProxy = AD938E501AE86EC80017E034 /* PBXContainerItemProxy */;
		};
/* End PBXTargetDependency section */

/* Begin PBXVariantGroup section */
		AD938E431AE86EC80017E034 /* Main.storyboard */ = {
			isa = PBXVariantGroup;
			children = (
				AD938E441AE86EC80017E034 /* Base */,
			);
			name = Main.storyboard;
			sourceTree = "<group>";
		};
		AD938E481AE86EC80017E034 /* LaunchScreen.xib */ = {
			isa = PBXVariantGroup;
			children = (
				AD938E491AE86EC80017E034 /* Base */,
			);
			name = LaunchScreen.xib;
			sourceTree = "<group>";
		};
/* End PBXVariantGroup section */

/* Begin XCBuildConfiguration section */
		AD938E571AE86EC80017E034 /* Debug */ = {
			isa = XCBuildConfiguration;
			buildSettings = {
				ALWAYS_SEARCH_USER_PATHS = NO;
				CLANG_CXX_LANGUAGE_STANDARD = "gnu++0x";
				CLANG_CXX_LIBRARY = "libc++";
				CLANG_ENABLE_MODULES = YES;
				CLANG_ENABLE_OBJC_ARC = YES;
				CLANG_WARN_BOOL_CONVERSION = YES;
				CLANG_WARN_CONSTANT_CONVERSION = YES;
				CLANG_WARN_DIRECT_OBJC_ISA_USAGE = YES_ERROR;
				CLANG_WARN_EMPTY_BODY = YES;
				CLANG_WARN_ENUM_CONVERSION = YES;
				CLANG_WARN_INT_CONVERSION = YES;
				CLANG_WARN_OBJC_ROOT_CLASS = YES_ERROR;
				CLANG_WARN_UNREACHABLE_CODE = YES;
				CLANG_WARN__DUPLICATE_METHOD_MATCH = YES;
				"CODE_SIGN_IDENTITY[sdk=iphoneos*]" = "iPhone Developer";
				COPY_PHASE_STRIP = NO;
				DEBUG_INFORMATION_FORMAT = "dwarf-with-dsym";
				ENABLE_STRICT_OBJC_MSGSEND = YES;
				GCC_C_LANGUAGE_STANDARD = gnu99;
				GCC_DYNAMIC_NO_PIC = NO;
				GCC_NO_COMMON_BLOCKS = YES;
				GCC_OPTIMIZATION_LEVEL = 0;
				GCC_PREPROCESSOR_DEFINITIONS = (
					"DEBUG=1",
					"$(inherited)",
				);
				GCC_SYMBOLS_PRIVATE_EXTERN = NO;
				GCC_WARN_64_TO_32_BIT_CONVERSION = YES;
				GCC_WARN_ABOUT_RETURN_TYPE = YES_ERROR;
				GCC_WARN_UNDECLARED_SELECTOR = YES;
				GCC_WARN_UNINITIALIZED_AUTOS = YES_AGGRESSIVE;
				GCC_WARN_UNUSED_FUNCTION = YES;
				GCC_WARN_UNUSED_VARIABLE = YES;
				IPHONEOS_DEPLOYMENT_TARGET = 8.3;
				MTL_ENABLE_DEBUG_INFO = YES;
				ONLY_ACTIVE_ARCH = YES;
				SDKROOT = iphoneos;
				SWIFT_OPTIMIZATION_LEVEL = "-Onone";
			};
			name = Debug;
		};
		AD938E581AE86EC80017E034 /* Release */ = {
			isa = XCBuildConfiguration;
			buildSettings = {
				ALWAYS_SEARCH_USER_PATHS = NO;
				CLANG_CXX_LANGUAGE_STANDARD = "gnu++0x";
				CLANG_CXX_LIBRARY = "libc++";
				CLANG_ENABLE_MODULES = YES;
				CLANG_ENABLE_OBJC_ARC = YES;
				CLANG_WARN_BOOL_CONVERSION = YES;
				CLANG_WARN_CONSTANT_CONVERSION = YES;
				CLANG_WARN_DIRECT_OBJC_ISA_USAGE = YES_ERROR;
				CLANG_WARN_EMPTY_BODY = YES;
				CLANG_WARN_ENUM_CONVERSION = YES;
				CLANG_WARN_INT_CONVERSION = YES;
				CLANG_WARN_OBJC_ROOT_CLASS = YES_ERROR;
				CLANG_WARN_UNREACHABLE_CODE = YES;
				CLANG_WARN__DUPLICATE_METHOD_MATCH = YES;
				"CODE_SIGN_IDENTITY[sdk=iphoneos*]" = "iPhone Developer";
				COPY_PHASE_STRIP = NO;
				DEBUG_INFORMATION_FORMAT = "dwarf-with-dsym";
				ENABLE_NS_ASSERTIONS = NO;
				ENABLE_STRICT_OBJC_MSGSEND = YES;
				GCC_C_LANGUAGE_STANDARD = gnu99;
				GCC_NO_COMMON_BLOCKS = YES;
				GCC_WARN_64_TO_32_BIT_CONVERSION = YES;
				GCC_WARN_ABOUT_RETURN_TYPE = YES_ERROR;
				GCC_WARN_UNDECLARED_SELECTOR = YES;
				GCC_WARN_UNINITIALIZED_AUTOS = YES_AGGRESSIVE;
				GCC_WARN_UNUSED_FUNCTION = YES;
				GCC_WARN_UNUSED_VARIABLE = YES;
				IPHONEOS_DEPLOYMENT_TARGET = 8.3;
				MTL_ENABLE_DEBUG_INFO = NO;
				SDKROOT = iphoneos;
				VALIDATE_PRODUCT = YES;
			};
			name = Release;
		};
		AD938E5A1AE86EC80017E034 /* Debug */ = {
			isa = XCBuildConfiguration;
			buildSettings = {
				ASSETCATALOG_COMPILER_APPICON_NAME = AppIcon;
				INFOPLIST_FILE = "Explore@SMU/Info.plist";
				LD_RUNPATH_SEARCH_PATHS = "$(inherited) @executable_path/Frameworks";
				PRODUCT_NAME = "$(TARGET_NAME)";
			};
			name = Debug;
		};
		AD938E5B1AE86EC80017E034 /* Release */ = {
			isa = XCBuildConfiguration;
			buildSettings = {
				ASSETCATALOG_COMPILER_APPICON_NAME = AppIcon;
				INFOPLIST_FILE = "Explore@SMU/Info.plist";
				LD_RUNPATH_SEARCH_PATHS = "$(inherited) @executable_path/Frameworks";
				PRODUCT_NAME = "$(TARGET_NAME)";
			};
			name = Release;
		};
		AD938E5D1AE86EC80017E034 /* Debug */ = {
			isa = XCBuildConfiguration;
			buildSettings = {
				BUNDLE_LOADER = "$(TEST_HOST)";
				FRAMEWORK_SEARCH_PATHS = (
					"$(SDKROOT)/Developer/Library/Frameworks",
					"$(inherited)",
				);
				GCC_PREPROCESSOR_DEFINITIONS = (
					"DEBUG=1",
					"$(inherited)",
				);
				INFOPLIST_FILE = "Explore@SMUTests/Info.plist";
				LD_RUNPATH_SEARCH_PATHS = "$(inherited) @executable_path/Frameworks @loader_path/Frameworks";
				PRODUCT_NAME = "$(TARGET_NAME)";
				TEST_HOST = "$(BUILT_PRODUCTS_DIR)/Explore@SMU.app/Explore@SMU";
			};
			name = Debug;
		};
		AD938E5E1AE86EC80017E034 /* Release */ = {
			isa = XCBuildConfiguration;
			buildSettings = {
				BUNDLE_LOADER = "$(TEST_HOST)";
				FRAMEWORK_SEARCH_PATHS = (
					"$(SDKROOT)/Developer/Library/Frameworks",
					"$(inherited)",
				);
				INFOPLIST_FILE = "Explore@SMUTests/Info.plist";
				LD_RUNPATH_SEARCH_PATHS = "$(inherited) @executable_path/Frameworks @loader_path/Frameworks";
				PRODUCT_NAME = "$(TARGET_NAME)";
				TEST_HOST = "$(BUILT_PRODUCTS_DIR)/Explore@SMU.app/Explore@SMU";
			};
			name = Release;
		};
/* End XCBuildConfiguration section */

/* Begin XCConfigurationList section */
		AD938E351AE86EC80017E034 /* Build configuration list for PBXProject "Explore@SMU" */ = {
			isa = XCConfigurationList;
			buildConfigurations = (
				AD938E571AE86EC80017E034 /* Debug */,
				AD938E581AE86EC80017E034 /* Release */,
			);
			defaultConfigurationIsVisible = 0;
			defaultConfigurationName = Release;
		};
		AD938E591AE86EC80017E034 /* Build configuration list for PBXNativeTarget "Explore@SMU" */ = {
			isa = XCConfigurationList;
			buildConfigurations = (
				AD938E5A1AE86EC80017E034 /* Debug */,
				AD938E5B1AE86EC80017E034 /* Release */,
			);
			defaultConfigurationIsVisible = 0;
		};
		AD938E5C1AE86EC80017E034 /* Build configuration list for PBXNativeTarget "Explore@SMUTests" */ = {
			isa = XCConfigurationList;
			buildConfigurations = (
				AD938E5D1AE86EC80017E034 /* Debug */,
				AD938E5E1AE86EC80017E034 /* Release */,
			);
			defaultConfigurationIsVisible = 0;
		};
/* End XCConfigurationList section */
	};
	rootObject = AD938E321AE86EC80017E034 /* Project object */;
}
